// !$*UTF8*$!
{
	archiveVersion = 1;
	classes = {
	};
	objectVersion = 48;
	objects = {

/* Begin PBXBuildFile section */
		6637F1DD1F3D8F4400A5F26E /* AppDelegate.swift in Sources */ = {isa = PBXBuildFile; fileRef = 6637F1D81F3D8F4400A5F26E /* AppDelegate.swift */; };
		6637F1DF1F3D8F4400A5F26E /* ViewController.swift in Sources */ = {isa = PBXBuildFile; fileRef = 6637F1DC1F3D8F4400A5F26E /* ViewController.swift */; };
		6637F1E31F3D91DB00A5F26E /* PCButton.swift in Sources */ = {isa = PBXBuildFile; fileRef = 6637F1E01F3D91DB00A5F26E /* PCButton.swift */; };
		6637F1E41F3D91DB00A5F26E /* PCImageView.swift in Sources */ = {isa = PBXBuildFile; fileRef = 6637F1E11F3D91DB00A5F26E /* PCImageView.swift */; };
		6637F1E71F3D920F00A5F26E /* StyleKit.swift in Sources */ = {isa = PBXBuildFile; fileRef = 6637F1E61F3D920F00A5F26E /* StyleKit.swift */; };
		6637F1E91F3D921800A5F26E /* PaintCodeHelper.swift in Sources */ = {isa = PBXBuildFile; fileRef = 6637F1E81F3D921800A5F26E /* PaintCodeHelper.swift */; };
		6637F1EB1F3DA30700A5F26E /* AVANGMB.TTF in Resources */ = {isa = PBXBuildFile; fileRef = 6637F1EA1F3D964500A5F26E /* AVANGMB.TTF */; };
		6661FFD81F3C59E3001D9F5F /* Main.storyboard in Resources */ = {isa = PBXBuildFile; fileRef = 6661FFD61F3C59E3001D9F5F /* Main.storyboard */; };
		6661FFDA1F3C59E3001D9F5F /* Assets.xcassets in Resources */ = {isa = PBXBuildFile; fileRef = 6661FFD91F3C59E3001D9F5F /* Assets.xcassets */; };
		6661FFDD1F3C59E3001D9F5F /* LaunchScreen.storyboard in Resources */ = {isa = PBXBuildFile; fileRef = 6661FFDB1F3C59E3001D9F5F /* LaunchScreen.storyboard */; };
		6661FFEB1F3C63F3001D9F5F /* styles.plist in Resources */ = {isa = PBXBuildFile; fileRef = 6661FFEA1F3C63F3001D9F5F /* styles.plist */; };
		E784B1B9FFFE6B9592439F61 /* Pods_StylableTest.framework in Frameworks */ = {isa = PBXBuildFile; fileRef = 30A44C3A3A7636F4F0ABA25E /* Pods_StylableTest.framework */; };
/* End PBXBuildFile section */

/* Begin PBXFileReference section */
		30A44C3A3A7636F4F0ABA25E /* Pods_StylableTest.framework */ = {isa = PBXFileReference; explicitFileType = wrapper.framework; includeInIndex = 0; path = Pods_StylableTest.framework; sourceTree = BUILT_PRODUCTS_DIR; };
		6637F1D81F3D8F4400A5F26E /* AppDelegate.swift */ = {isa = PBXFileReference; fileEncoding = 4; lastKnownFileType = sourcecode.swift; path = AppDelegate.swift; sourceTree = "<group>"; };
		6637F1DC1F3D8F4400A5F26E /* ViewController.swift */ = {isa = PBXFileReference; fileEncoding = 4; lastKnownFileType = sourcecode.swift; path = ViewController.swift; sourceTree = "<group>"; };
		6637F1E01F3D91DB00A5F26E /* PCButton.swift */ = {isa = PBXFileReference; fileEncoding = 4; lastKnownFileType = sourcecode.swift; path = PCButton.swift; sourceTree = "<group>"; };
		6637F1E11F3D91DB00A5F26E /* PCImageView.swift */ = {isa = PBXFileReference; fileEncoding = 4; lastKnownFileType = sourcecode.swift; path = PCImageView.swift; sourceTree = "<group>"; };
		6637F1E61F3D920F00A5F26E /* StyleKit.swift */ = {isa = PBXFileReference; fileEncoding = 4; lastKnownFileType = sourcecode.swift; path = StyleKit.swift; sourceTree = "<group>"; };
		6637F1E81F3D921800A5F26E /* PaintCodeHelper.swift */ = {isa = PBXFileReference; fileEncoding = 4; lastKnownFileType = sourcecode.swift; path = PaintCodeHelper.swift; sourceTree = "<group>"; };
		6637F1EA1F3D964500A5F26E /* AVANGMB.TTF */ = {isa = PBXFileReference; lastKnownFileType = file; path = AVANGMB.TTF; sourceTree = "<group>"; };
		6661FFCF1F3C59E3001D9F5F /* StylableTest.app */ = {isa = PBXFileReference; explicitFileType = wrapper.application; includeInIndex = 0; path = StylableTest.app; sourceTree = BUILT_PRODUCTS_DIR; };
		6661FFD71F3C59E3001D9F5F /* Base */ = {isa = PBXFileReference; lastKnownFileType = file.storyboard; name = Base; path = Base.lproj/Main.storyboard; sourceTree = "<group>"; };
		6661FFD91F3C59E3001D9F5F /* Assets.xcassets */ = {isa = PBXFileReference; lastKnownFileType = folder.assetcatalog; path = Assets.xcassets; sourceTree = "<group>"; };
		6661FFDC1F3C59E3001D9F5F /* Base */ = {isa = PBXFileReference; lastKnownFileType = file.storyboard; name = Base; path = Base.lproj/LaunchScreen.storyboard; sourceTree = "<group>"; };
		6661FFDE1F3C59E3001D9F5F /* Info.plist */ = {isa = PBXFileReference; lastKnownFileType = text.plist.xml; path = Info.plist; sourceTree = "<group>"; };
		6661FFEA1F3C63F3001D9F5F /* styles.plist */ = {isa = PBXFileReference; lastKnownFileType = text.plist.xml; path = styles.plist; sourceTree = "<group>"; };
		A8A705D6453F8477298B7063 /* Pods-StylableTest.release.xcconfig */ = {isa = PBXFileReference; includeInIndex = 1; lastKnownFileType = text.xcconfig; name = "Pods-StylableTest.release.xcconfig"; path = "Pods/Target Support Files/Pods-StylableTest/Pods-StylableTest.release.xcconfig"; sourceTree = "<group>"; };
		E228E41D4EB46294CF500CD8 /* Pods-StylableTest.debug.xcconfig */ = {isa = PBXFileReference; includeInIndex = 1; lastKnownFileType = text.xcconfig; name = "Pods-StylableTest.debug.xcconfig"; path = "Pods/Target Support Files/Pods-StylableTest/Pods-StylableTest.debug.xcconfig"; sourceTree = "<group>"; };
/* End PBXFileReference section */

/* Begin PBXFrameworksBuildPhase section */
		6661FFCC1F3C59E2001D9F5F /* Frameworks */ = {
			isa = PBXFrameworksBuildPhase;
			buildActionMask = 2147483647;
			files = (
				E784B1B9FFFE6B9592439F61 /* Pods_StylableTest.framework in Frameworks */,
			);
			runOnlyForDeploymentPostprocessing = 0;
		};
/* End PBXFrameworksBuildPhase section */

/* Begin PBXGroup section */
		660EE8791F3C8573004A20B6 /* Fonts */ = {
			isa = PBXGroup;
			children = (
				6637F1EA1F3D964500A5F26E /* AVANGMB.TTF */,
			);
			path = Fonts;
			sourceTree = "<group>";
		};
		6637F1D71F3D8F4400A5F26E /* Classes */ = {
			isa = PBXGroup;
			children = (
				6637F1D81F3D8F4400A5F26E /* AppDelegate.swift */,
				6637F1D91F3D8F4400A5F26E /* View */,
			);
			path = Classes;
			sourceTree = "<group>";
		};
		6637F1D91F3D8F4400A5F26E /* View */ = {
			isa = PBXGroup;
			children = (
				6637F1DA1F3D8F4400A5F26E /* Style */,
				6637F1DC1F3D8F4400A5F26E /* ViewController.swift */,
			);
			path = View;
			sourceTree = "<group>";
		};
		6637F1DA1F3D8F4400A5F26E /* Style */ = {
			isa = PBXGroup;
			children = (
				6637F1E81F3D921800A5F26E /* PaintCodeHelper.swift */,
				6637F1E61F3D920F00A5F26E /* StyleKit.swift */,
				6637F1E01F3D91DB00A5F26E /* PCButton.swift */,
				6637F1E11F3D91DB00A5F26E /* PCImageView.swift */,
			);
			path = Style;
			sourceTree = "<group>";
		};
		6661FFC61F3C59E2001D9F5F = {
			isa = PBXGroup;
			children = (
				6661FFEA1F3C63F3001D9F5F /* styles.plist */,
				6661FFE91F3C63D5001D9F5F /* Resources */,
				6661FFD11F3C59E3001D9F5F /* StylableTest */,
				6661FFD01F3C59E3001D9F5F /* Products */,
				D007A986A93CE24E0BC2A5D0 /* Pods */,
				78C3177E35BC782FC81DF0CB /* Frameworks */,
			);
			sourceTree = "<group>";
		};
		6661FFD01F3C59E3001D9F5F /* Products */ = {
			isa = PBXGroup;
			children = (
				6661FFCF1F3C59E3001D9F5F /* StylableTest.app */,
			);
			name = Products;
			sourceTree = "<group>";
		};
		6661FFD11F3C59E3001D9F5F /* StylableTest */ = {
			isa = PBXGroup;
			children = (
				6637F1D71F3D8F4400A5F26E /* Classes */,
				6661FFD61F3C59E3001D9F5F /* Main.storyboard */,
				6661FFD91F3C59E3001D9F5F /* Assets.xcassets */,
				6661FFDB1F3C59E3001D9F5F /* LaunchScreen.storyboard */,
				6661FFDE1F3C59E3001D9F5F /* Info.plist */,
			);
			path = StylableTest;
			sourceTree = "<group>";
		};
		6661FFE91F3C63D5001D9F5F /* Resources */ = {
			isa = PBXGroup;
			children = (
				660EE8791F3C8573004A20B6 /* Fonts */,
			);
			path = Resources;
			sourceTree = "<group>";
		};
		78C3177E35BC782FC81DF0CB /* Frameworks */ = {
			isa = PBXGroup;
			children = (
				30A44C3A3A7636F4F0ABA25E /* Pods_StylableTest.framework */,
			);
			name = Frameworks;
			sourceTree = "<group>";
		};
		D007A986A93CE24E0BC2A5D0 /* Pods */ = {
			isa = PBXGroup;
			children = (
				E228E41D4EB46294CF500CD8 /* Pods-StylableTest.debug.xcconfig */,
				A8A705D6453F8477298B7063 /* Pods-StylableTest.release.xcconfig */,
			);
			name = Pods;
			sourceTree = "<group>";
		};
/* End PBXGroup section */

/* Begin PBXNativeTarget section */
		6661FFCE1F3C59E2001D9F5F /* StylableTest */ = {
			isa = PBXNativeTarget;
			buildConfigurationList = 6661FFE11F3C59E3001D9F5F /* Build configuration list for PBXNativeTarget "StylableTest" */;
			buildPhases = (
				5231EBCAEE941BE67167360B /* [CP] Check Pods Manifest.lock */,
				6661FFCB1F3C59E2001D9F5F /* Sources */,
				6661FFCC1F3C59E2001D9F5F /* Frameworks */,
				6661FFCD1F3C59E2001D9F5F /* Resources */,
				74DF92DC5464986660339ED6 /* [CP] Embed Pods Frameworks */,
				FEAE9946DB46A7F855E3C2B5 /* [CP] Copy Pods Resources */,
			);
			buildRules = (
			);
			dependencies = (
			);
			name = StylableTest;
			productName = StylableTest;
			productReference = 6661FFCF1F3C59E3001D9F5F /* StylableTest.app */;
			productType = "com.apple.product-type.application";
		};
/* End PBXNativeTarget section */

/* Begin PBXProject section */
		6661FFC71F3C59E2001D9F5F /* Project object */ = {
			isa = PBXProject;
			attributes = {
				LastSwiftUpdateCheck = 0900;
				LastUpgradeCheck = 0900;
				ORGANIZATIONNAME = "Marcel Bloemendaal";
				TargetAttributes = {
					6661FFCE1F3C59E2001D9F5F = {
						CreatedOnToolsVersion = 9.0;
					};
				};
			};
			buildConfigurationList = 6661FFCA1F3C59E2001D9F5F /* Build configuration list for PBXProject "StylableTest" */;
			compatibilityVersion = "Xcode 8.0";
			developmentRegion = en;
			hasScannedForEncodings = 0;
			knownRegions = (
				en,
				Base,
			);
			mainGroup = 6661FFC61F3C59E2001D9F5F;
			productRefGroup = 6661FFD01F3C59E3001D9F5F /* Products */;
			projectDirPath = "";
			projectRoot = "";
			targets = (
				6661FFCE1F3C59E2001D9F5F /* StylableTest */,
			);
		};
/* End PBXProject section */

/* Begin PBXResourcesBuildPhase section */
		6661FFCD1F3C59E2001D9F5F /* Resources */ = {
			isa = PBXResourcesBuildPhase;
			buildActionMask = 2147483647;
			files = (
				6637F1EB1F3DA30700A5F26E /* AVANGMB.TTF in Resources */,
				6661FFDD1F3C59E3001D9F5F /* LaunchScreen.storyboard in Resources */,
				6661FFDA1F3C59E3001D9F5F /* Assets.xcassets in Resources */,
				6661FFEB1F3C63F3001D9F5F /* styles.plist in Resources */,
				6661FFD81F3C59E3001D9F5F /* Main.storyboard in Resources */,
			);
			runOnlyForDeploymentPostprocessing = 0;
		};
/* End PBXResourcesBuildPhase section */

/* Begin PBXShellScriptBuildPhase section */
		5231EBCAEE941BE67167360B /* [CP] Check Pods Manifest.lock */ = {
			isa = PBXShellScriptBuildPhase;
			buildActionMask = 2147483647;
			files = (
			);
			inputPaths = (
			);
			name = "[CP] Check Pods Manifest.lock";
			outputPaths = (
			);
			runOnlyForDeploymentPostprocessing = 0;
			shellPath = /bin/sh;
			shellScript = "diff \"${PODS_ROOT}/../Podfile.lock\" \"${PODS_ROOT}/Manifest.lock\" > /dev/null\nif [ $? != 0 ] ; then\n    # print error to STDERR\n    echo \"error: The sandbox is not in sync with the Podfile.lock. Run 'pod install' or update your CocoaPods installation.\" >&2\n    exit 1\nfi\n";
			showEnvVarsInLog = 0;
		};
		74DF92DC5464986660339ED6 /* [CP] Embed Pods Frameworks */ = {
			isa = PBXShellScriptBuildPhase;
			buildActionMask = 2147483647;
			files = (
			);
			inputPaths = (
			);
			name = "[CP] Embed Pods Frameworks";
			outputPaths = (
			);
			runOnlyForDeploymentPostprocessing = 0;
			shellPath = /bin/sh;
			shellScript = "\"${SRCROOT}/Pods/Target Support Files/Pods-StylableTest/Pods-StylableTest-frameworks.sh\"\n";
			showEnvVarsInLog = 0;
		};
		FEAE9946DB46A7F855E3C2B5 /* [CP] Copy Pods Resources */ = {
			isa = PBXShellScriptBuildPhase;
			buildActionMask = 2147483647;
			files = (
			);
			inputPaths = (
			);
			name = "[CP] Copy Pods Resources";
			outputPaths = (
			);
			runOnlyForDeploymentPostprocessing = 0;
			shellPath = /bin/sh;
			shellScript = "\"${SRCROOT}/Pods/Target Support Files/Pods-StylableTest/Pods-StylableTest-resources.sh\"\n";
			showEnvVarsInLog = 0;
		};
/* End PBXShellScriptBuildPhase section */

/* Begin PBXSourcesBuildPhase section */
		6661FFCB1F3C59E2001D9F5F /* Sources */ = {
			isa = PBXSourcesBuildPhase;
			buildActionMask = 2147483647;
			files = (
				6637F1E31F3D91DB00A5F26E /* PCButton.swift in Sources */,
				6637F1DF1F3D8F4400A5F26E /* ViewController.swift in Sources */,
				6637F1E41F3D91DB00A5F26E /* PCImageView.swift in Sources */,
				6637F1E91F3D921800A5F26E /* PaintCodeHelper.swift in Sources */,
				6637F1E71F3D920F00A5F26E /* StyleKit.swift in Sources */,
				6637F1DD1F3D8F4400A5F26E /* AppDelegate.swift in Sources */,
			);
			runOnlyForDeploymentPostprocessing = 0;
		};
/* End PBXSourcesBuildPhase section */

/* Begin PBXVariantGroup section */
		6661FFD61F3C59E3001D9F5F /* Main.storyboard */ = {
			isa = PBXVariantGroup;
			children = (
				6661FFD71F3C59E3001D9F5F /* Base */,
			);
			name = Main.storyboard;
			sourceTree = "<group>";
		};
		6661FFDB1F3C59E3001D9F5F /* LaunchScreen.storyboard */ = {
			isa = PBXVariantGroup;
			children = (
				6661FFDC1F3C59E3001D9F5F /* Base */,
			);
			name = LaunchScreen.storyboard;
			sourceTree = "<group>";
		};
/* End PBXVariantGroup section */

/* Begin XCBuildConfiguration section */
		6661FFDF1F3C59E3001D9F5F /* Debug */ = {
			isa = XCBuildConfiguration;
			buildSettings = {
				ALWAYS_SEARCH_USER_PATHS = NO;
				CLANG_ANALYZER_NONNULL = YES;
				CLANG_ANALYZER_NUMBER_OBJECT_CONVERSION = YES_AGGRESSIVE;
				CLANG_CXX_LANGUAGE_STANDARD = "gnu++14";
				CLANG_CXX_LIBRARY = "libc++";
				CLANG_ENABLE_MODULES = YES;
				CLANG_ENABLE_OBJC_ARC = YES;
				CLANG_WARN_BLOCK_CAPTURE_AUTORELEASING = YES;
				CLANG_WARN_BOOL_CONVERSION = YES;
				CLANG_WARN_COMMA = YES;
				CLANG_WARN_CONSTANT_CONVERSION = YES;
				CLANG_WARN_DIRECT_OBJC_ISA_USAGE = YES_ERROR;
				CLANG_WARN_DOCUMENTATION_COMMENTS = YES;
				CLANG_WARN_EMPTY_BODY = YES;
				CLANG_WARN_ENUM_CONVERSION = YES;
				CLANG_WARN_INFINITE_RECURSION = YES;
				CLANG_WARN_INT_CONVERSION = YES;
				CLANG_WARN_NON_LITERAL_NULL_CONVERSION = YES;
				CLANG_WARN_OBJC_LITERAL_CONVERSION = YES;
				CLANG_WARN_OBJC_ROOT_CLASS = YES_ERROR;
				CLANG_WARN_RANGE_LOOP_ANALYSIS = YES;
				CLANG_WARN_STRICT_PROTOTYPES = YES;
				CLANG_WARN_SUSPICIOUS_MOVE = YES;
				CLANG_WARN_UNGUARDED_AVAILABILITY = YES_AGGRESSIVE;
				CLANG_WARN_UNREACHABLE_CODE = YES;
				CLANG_WARN__DUPLICATE_METHOD_MATCH = YES;
				CODE_SIGN_IDENTITY = "iPhone Developer";
				COPY_PHASE_STRIP = NO;
				DEBUG_INFORMATION_FORMAT = dwarf;
				ENABLE_STRICT_OBJC_MSGSEND = YES;
				ENABLE_TESTABILITY = YES;
				GCC_C_LANGUAGE_STANDARD = gnu11;
				GCC_DYNAMIC_NO_PIC = NO;
				GCC_NO_COMMON_BLOCKS = YES;
				GCC_OPTIMIZATION_LEVEL = 0;
				GCC_PREPROCESSOR_DEFINITIONS = (
					"DEBUG=1",
					"$(inherited)",
				);
				GCC_WARN_64_TO_32_BIT_CONVERSION = YES;
				GCC_WARN_ABOUT_RETURN_TYPE = YES_ERROR;
				GCC_WARN_UNDECLARED_SELECTOR = YES;
				GCC_WARN_UNINITIALIZED_AUTOS = YES_AGGRESSIVE;
				GCC_WARN_UNUSED_FUNCTION = YES;
				GCC_WARN_UNUSED_VARIABLE = YES;
				IPHONEOS_DEPLOYMENT_TARGET = 11.0;
				MTL_ENABLE_DEBUG_INFO = YES;
				ONLY_ACTIVE_ARCH = YES;
				SDKROOT = iphoneos;
				SWIFT_ACTIVE_COMPILATION_CONDITIONS = DEBUG;
				SWIFT_OPTIMIZATION_LEVEL = "-Onone";
			};
			name = Debug;
		};
		6661FFE01F3C59E3001D9F5F /* Release */ = {
			isa = XCBuildConfiguration;
			buildSettings = {
				ALWAYS_SEARCH_USER_PATHS = NO;
				CLANG_ANALYZER_NONNULL = YES;
				CLANG_ANALYZER_NUMBER_OBJECT_CONVERSION = YES_AGGRESSIVE;
				CLANG_CXX_LANGUAGE_STANDARD = "gnu++14";
				CLANG_CXX_LIBRARY = "libc++";
				CLANG_ENABLE_MODULES = YES;
				CLANG_ENABLE_OBJC_ARC = YES;
				CLANG_WARN_BLOCK_CAPTURE_AUTORELEASING = YES;
				CLANG_WARN_BOOL_CONVERSION = YES;
				CLANG_WARN_COMMA = YES;
				CLANG_WARN_CONSTANT_CONVERSION = YES;
				CLANG_WARN_DIRECT_OBJC_ISA_USAGE = YES_ERROR;
				CLANG_WARN_DOCUMENTATION_COMMENTS = YES;
				CLANG_WARN_EMPTY_BODY = YES;
				CLANG_WARN_ENUM_CONVERSION = YES;
				CLANG_WARN_INFINITE_RECURSION = YES;
				CLANG_WARN_INT_CONVERSION = YES;
				CLANG_WARN_NON_LITERAL_NULL_CONVERSION = YES;
				CLANG_WARN_OBJC_LITERAL_CONVERSION = YES;
				CLANG_WARN_OBJC_ROOT_CLASS = YES_ERROR;
				CLANG_WARN_RANGE_LOOP_ANALYSIS = YES;
				CLANG_WARN_STRICT_PROTOTYPES = YES;
				CLANG_WARN_SUSPICIOUS_MOVE = YES;
				CLANG_WARN_UNGUARDED_AVAILABILITY = YES_AGGRESSIVE;
				CLANG_WARN_UNREACHABLE_CODE = YES;
				CLANG_WARN__DUPLICATE_METHOD_MATCH = YES;
				CODE_SIGN_IDENTITY = "iPhone Developer";
				COPY_PHASE_STRIP = NO;
				DEBUG_INFORMATION_FORMAT = "dwarf-with-dsym";
				ENABLE_NS_ASSERTIONS = NO;
				ENABLE_STRICT_OBJC_MSGSEND = YES;
				GCC_C_LANGUAGE_STANDARD = gnu11;
				GCC_NO_COMMON_BLOCKS = YES;
				GCC_WARN_64_TO_32_BIT_CONVERSION = YES;
				GCC_WARN_ABOUT_RETURN_TYPE = YES_ERROR;
				GCC_WARN_UNDECLARED_SELECTOR = YES;
				GCC_WARN_UNINITIALIZED_AUTOS = YES_AGGRESSIVE;
				GCC_WARN_UNUSED_FUNCTION = YES;
				GCC_WARN_UNUSED_VARIABLE = YES;
				IPHONEOS_DEPLOYMENT_TARGET = 11.0;
				MTL_ENABLE_DEBUG_INFO = NO;
				SDKROOT = iphoneos;
				SWIFT_OPTIMIZATION_LEVEL = "-Owholemodule";
				VALIDATE_PRODUCT = YES;
			};
			name = Release;
		};
		6661FFE21F3C59E3001D9F5F /* Debug */ = {
			isa = XCBuildConfiguration;
			baseConfigurationReference = E228E41D4EB46294CF500CD8 /* Pods-StylableTest.debug.xcconfig */;
			buildSettings = {
				ASSETCATALOG_COMPILER_APPICON_NAME = AppIcon;
				DEVELOPMENT_TEAM = 7298FDX4Y3;
				INFOPLIST_FILE = StylableTest/Info.plist;
				IPHONEOS_DEPLOYMENT_TARGET = 10.3;
				LD_RUNPATH_SEARCH_PATHS = "$(inherited) @executable_path/Frameworks";
				PRODUCT_BUNDLE_IDENTIFIER = nl.yipyip.StylableTest;
				PRODUCT_NAME = "$(TARGET_NAME)";
				SWIFT_VERSION = 3.0;
				TARGETED_DEVICE_FAMILY = "1,2";
			};
			name = Debug;
		};
		6661FFE31F3C59E3001D9F5F /* Release */ = {
			isa = XCBuildConfiguration;
			baseConfigurationReference = A8A705D6453F8477298B7063 /* Pods-StylableTest.release.xcconfig */;
			buildSettings = {
				ASSETCATALOG_COMPILER_APPICON_NAME = AppIcon;
				DEVELOPMENT_TEAM = 7298FDX4Y3;
				INFOPLIST_FILE = StylableTest/Info.plist;
				IPHONEOS_DEPLOYMENT_TARGET = 10.3;
				LD_RUNPATH_SEARCH_PATHS = "$(inherited) @executable_path/Frameworks";
				PRODUCT_BUNDLE_IDENTIFIER = nl.yipyip.StylableTest;
				PRODUCT_NAME = "$(TARGET_NAME)";
				SWIFT_VERSION = 3.0;
				TARGETED_DEVICE_FAMILY = "1,2";
			};
			name = Release;
		};
/* End XCBuildConfiguration section */

/* Begin XCConfigurationList section */
		6661FFCA1F3C59E2001D9F5F /* Build configuration list for PBXProject "StylableTest" */ = {
			isa = XCConfigurationList;
			buildConfigurations = (
				6661FFDF1F3C59E3001D9F5F /* Debug */,
				6661FFE01F3C59E3001D9F5F /* Release */,
			);
			defaultConfigurationIsVisible = 0;
			defaultConfigurationName = Release;
		};
		6661FFE11F3C59E3001D9F5F /* Build configuration list for PBXNativeTarget "StylableTest" */ = {
			isa = XCConfigurationList;
			buildConfigurations = (
				6661FFE21F3C59E3001D9F5F /* Debug */,
				6661FFE31F3C59E3001D9F5F /* Release */,
			);
			defaultConfigurationIsVisible = 0;
			defaultConfigurationName = Release;
		};
/* End XCConfigurationList section */
	};
	rootObject = 6661FFC71F3C59E2001D9F5F /* Project object */;
}
